// !$*UTF8*$!
{
	archiveVersion = 1;
	classes = {
	};
	objectVersion = 56;
	objects = {

/* Begin PBXBuildFile section */
		8058E1552CB9291B0043B2C5 /* Logger.swift in Sources */ = {isa = PBXBuildFile; fileRef = 8058E1542CB9291B0043B2C5 /* Logger.swift */; };
		809638DA2B68D935003F5CB8 /* LiveActivityPushDemoApp.swift in Sources */ = {isa = PBXBuildFile; fileRef = 809638D92B68D935003F5CB8 /* LiveActivityPushDemoApp.swift */; };
		809638DC2B68D935003F5CB8 /* ContentView.swift in Sources */ = {isa = PBXBuildFile; fileRef = 809638DB2B68D935003F5CB8 /* ContentView.swift */; };
		809638DE2B68D936003F5CB8 /* Assets.xcassets in Resources */ = {isa = PBXBuildFile; fileRef = 809638DD2B68D936003F5CB8 /* Assets.xcassets */; };
		809638E12B68D936003F5CB8 /* Preview Assets.xcassets in Resources */ = {isa = PBXBuildFile; fileRef = 809638E02B68D936003F5CB8 /* Preview Assets.xcassets */; };
		809638EE2B68DAE7003F5CB8 /* WidgetKit.framework in Frameworks */ = {isa = PBXBuildFile; fileRef = 809638ED2B68DAE7003F5CB8 /* WidgetKit.framework */; };
		809638F02B68DAE7003F5CB8 /* SwiftUI.framework in Frameworks */ = {isa = PBXBuildFile; fileRef = 809638EF2B68DAE7003F5CB8 /* SwiftUI.framework */; };
		809638F32B68DAE7003F5CB8 /* LiveActivityBundle.swift in Sources */ = {isa = PBXBuildFile; fileRef = 809638F22B68DAE7003F5CB8 /* LiveActivityBundle.swift */; };
		809638F52B68DAE7003F5CB8 /* LiveActivityLiveActivity.swift in Sources */ = {isa = PBXBuildFile; fileRef = 809638F42B68DAE7003F5CB8 /* LiveActivityLiveActivity.swift */; };
		809638F72B68DAE7003F5CB8 /* LiveActivity.swift in Sources */ = {isa = PBXBuildFile; fileRef = 809638F62B68DAE7003F5CB8 /* LiveActivity.swift */; };
		809638F92B68DAE7003F5CB8 /* AppIntent.swift in Sources */ = {isa = PBXBuildFile; fileRef = 809638F82B68DAE7003F5CB8 /* AppIntent.swift */; };
		809638FB2B68DAE8003F5CB8 /* Assets.xcassets in Resources */ = {isa = PBXBuildFile; fileRef = 809638FA2B68DAE8003F5CB8 /* Assets.xcassets */; };
		809638FF2B68DAE8003F5CB8 /* LiveActivityExtension.appex in Embed Foundation Extensions */ = {isa = PBXBuildFile; fileRef = 809638EB2B68DAE7003F5CB8 /* LiveActivityExtension.appex */; settings = {ATTRIBUTES = (RemoveHeadersOnCopy, ); }; };
		809639052B68DB55003F5CB8 /* LiveActivityManager.swift in Sources */ = {isa = PBXBuildFile; fileRef = 809639042B68DB55003F5CB8 /* LiveActivityManager.swift */; };
		809639062B68DC4F003F5CB8 /* LiveActivityLiveActivity.swift in Sources */ = {isa = PBXBuildFile; fileRef = 809638F42B68DAE7003F5CB8 /* LiveActivityLiveActivity.swift */; };
/* End PBXBuildFile section */

/* Begin PBXContainerItemProxy section */
		809638FD2B68DAE8003F5CB8 /* PBXContainerItemProxy */ = {
			isa = PBXContainerItemProxy;
			containerPortal = 809638CE2B68D935003F5CB8 /* Project object */;
			proxyType = 1;
			remoteGlobalIDString = 809638EA2B68DAE7003F5CB8;
			remoteInfo = LiveActivityExtension;
		};
/* End PBXContainerItemProxy section */

/* Begin PBXCopyFilesBuildPhase section */
		809639032B68DAE8003F5CB8 /* Embed Foundation Extensions */ = {
			isa = PBXCopyFilesBuildPhase;
			buildActionMask = 2147483647;
			dstPath = "";
			dstSubfolderSpec = 13;
			files = (
				809638FF2B68DAE8003F5CB8 /* LiveActivityExtension.appex in Embed Foundation Extensions */,
			);
			name = "Embed Foundation Extensions";
			runOnlyForDeploymentPostprocessing = 0;
		};
/* End PBXCopyFilesBuildPhase section */

/* Begin PBXFileReference section */
		8058E1542CB9291B0043B2C5 /* Logger.swift */ = {isa = PBXFileReference; lastKnownFileType = sourcecode.swift; path = Logger.swift; sourceTree = "<group>"; };
		809638D62B68D935003F5CB8 /* LiveActivityPushDemo.app */ = {isa = PBXFileReference; explicitFileType = wrapper.application; includeInIndex = 0; path = LiveActivityPushDemo.app; sourceTree = BUILT_PRODUCTS_DIR; };
		809638D92B68D935003F5CB8 /* LiveActivityPushDemoApp.swift */ = {isa = PBXFileReference; lastKnownFileType = sourcecode.swift; path = LiveActivityPushDemoApp.swift; sourceTree = "<group>"; };
		809638DB2B68D935003F5CB8 /* ContentView.swift */ = {isa = PBXFileReference; lastKnownFileType = sourcecode.swift; path = ContentView.swift; sourceTree = "<group>"; };
		809638DD2B68D936003F5CB8 /* Assets.xcassets */ = {isa = PBXFileReference; lastKnownFileType = folder.assetcatalog; path = Assets.xcassets; sourceTree = "<group>"; };
		809638E02B68D936003F5CB8 /* Preview Assets.xcassets */ = {isa = PBXFileReference; lastKnownFileType = folder.assetcatalog; path = "Preview Assets.xcassets"; sourceTree = "<group>"; };
		809638EB2B68DAE7003F5CB8 /* LiveActivityExtension.appex */ = {isa = PBXFileReference; explicitFileType = "wrapper.app-extension"; includeInIndex = 0; path = LiveActivityExtension.appex; sourceTree = BUILT_PRODUCTS_DIR; };
		809638ED2B68DAE7003F5CB8 /* WidgetKit.framework */ = {isa = PBXFileReference; lastKnownFileType = wrapper.framework; name = WidgetKit.framework; path = System/Library/Frameworks/WidgetKit.framework; sourceTree = SDKROOT; };
		809638EF2B68DAE7003F5CB8 /* SwiftUI.framework */ = {isa = PBXFileReference; lastKnownFileType = wrapper.framework; name = SwiftUI.framework; path = System/Library/Frameworks/SwiftUI.framework; sourceTree = SDKROOT; };
		809638F22B68DAE7003F5CB8 /* LiveActivityBundle.swift */ = {isa = PBXFileReference; lastKnownFileType = sourcecode.swift; path = LiveActivityBundle.swift; sourceTree = "<group>"; };
		809638F42B68DAE7003F5CB8 /* LiveActivityLiveActivity.swift */ = {isa = PBXFileReference; lastKnownFileType = sourcecode.swift; path = LiveActivityLiveActivity.swift; sourceTree = "<group>"; };
		809638F62B68DAE7003F5CB8 /* LiveActivity.swift */ = {isa = PBXFileReference; lastKnownFileType = sourcecode.swift; path = LiveActivity.swift; sourceTree = "<group>"; };
		809638F82B68DAE7003F5CB8 /* AppIntent.swift */ = {isa = PBXFileReference; lastKnownFileType = sourcecode.swift; path = AppIntent.swift; sourceTree = "<group>"; };
		809638FA2B68DAE8003F5CB8 /* Assets.xcassets */ = {isa = PBXFileReference; lastKnownFileType = folder.assetcatalog; path = Assets.xcassets; sourceTree = "<group>"; };
		809638FC2B68DAE8003F5CB8 /* Info.plist */ = {isa = PBXFileReference; lastKnownFileType = text.plist.xml; path = Info.plist; sourceTree = "<group>"; };
		809639042B68DB55003F5CB8 /* LiveActivityManager.swift */ = {isa = PBXFileReference; lastKnownFileType = sourcecode.swift; path = LiveActivityManager.swift; sourceTree = "<group>"; };
		809639072B68E15E003F5CB8 /* LiveActivityPushDemo.entitlements */ = {isa = PBXFileReference; lastKnownFileType = text.plist.entitlements; path = LiveActivityPushDemo.entitlements; sourceTree = "<group>"; };
		809639082B68E724003F5CB8 /* Info.plist */ = {isa = PBXFileReference; lastKnownFileType = text.plist; path = Info.plist; sourceTree = "<group>"; };
/* End PBXFileReference section */

/* Begin PBXFrameworksBuildPhase section */
		809638D32B68D935003F5CB8 /* Frameworks */ = {
			isa = PBXFrameworksBuildPhase;
			buildActionMask = 2147483647;
			files = (
			);
			runOnlyForDeploymentPostprocessing = 0;
		};
		809638E82B68DAE7003F5CB8 /* Frameworks */ = {
			isa = PBXFrameworksBuildPhase;
			buildActionMask = 2147483647;
			files = (
				809638F02B68DAE7003F5CB8 /* SwiftUI.framework in Frameworks */,
				809638EE2B68DAE7003F5CB8 /* WidgetKit.framework in Frameworks */,
			);
			runOnlyForDeploymentPostprocessing = 0;
		};
/* End PBXFrameworksBuildPhase section */

/* Begin PBXGroup section */
		809638CD2B68D935003F5CB8 = {
			isa = PBXGroup;
			children = (
				809638D82B68D935003F5CB8 /* LiveActivityPushDemo */,
				809638F12B68DAE7003F5CB8 /* LiveActivity */,
				809638EC2B68DAE7003F5CB8 /* Frameworks */,
				809638D72B68D935003F5CB8 /* Products */,
			);
			sourceTree = "<group>";
		};
		809638D72B68D935003F5CB8 /* Products */ = {
			isa = PBXGroup;
			children = (
				809638D62B68D935003F5CB8 /* LiveActivityPushDemo.app */,
				809638EB2B68DAE7003F5CB8 /* LiveActivityExtension.appex */,
			);
			name = Products;
			sourceTree = "<group>";
		};
		809638D82B68D935003F5CB8 /* LiveActivityPushDemo */ = {
			isa = PBXGroup;
			children = (
				809639082B68E724003F5CB8 /* Info.plist */,
				809639072B68E15E003F5CB8 /* LiveActivityPushDemo.entitlements */,
				809638D92B68D935003F5CB8 /* LiveActivityPushDemoApp.swift */,
				809639042B68DB55003F5CB8 /* LiveActivityManager.swift */,
				809638DB2B68D935003F5CB8 /* ContentView.swift */,
				8058E1542CB9291B0043B2C5 /* Logger.swift */,
				809638DD2B68D936003F5CB8 /* Assets.xcassets */,
				809638DF2B68D936003F5CB8 /* Preview Content */,
			);
			path = LiveActivityPushDemo;
			sourceTree = "<group>";
		};
		809638DF2B68D936003F5CB8 /* Preview Content */ = {
			isa = PBXGroup;
			children = (
				809638E02B68D936003F5CB8 /* Preview Assets.xcassets */,
			);
			path = "Preview Content";
			sourceTree = "<group>";
		};
		809638EC2B68DAE7003F5CB8 /* Frameworks */ = {
			isa = PBXGroup;
			children = (
				809638ED2B68DAE7003F5CB8 /* WidgetKit.framework */,
				809638EF2B68DAE7003F5CB8 /* SwiftUI.framework */,
			);
			name = Frameworks;
			sourceTree = "<group>";
		};
		809638F12B68DAE7003F5CB8 /* LiveActivity */ = {
			isa = PBXGroup;
			children = (
				809638F22B68DAE7003F5CB8 /* LiveActivityBundle.swift */,
				809638F42B68DAE7003F5CB8 /* LiveActivityLiveActivity.swift */,
				809638F62B68DAE7003F5CB8 /* LiveActivity.swift */,
				809638F82B68DAE7003F5CB8 /* AppIntent.swift */,
				809638FA2B68DAE8003F5CB8 /* Assets.xcassets */,
				809638FC2B68DAE8003F5CB8 /* Info.plist */,
			);
			path = LiveActivity;
			sourceTree = "<group>";
		};
/* End PBXGroup section */

/* Begin PBXNativeTarget section */
		809638D52B68D935003F5CB8 /* LiveActivityPushDemo */ = {
			isa = PBXNativeTarget;
			buildConfigurationList = 809638E42B68D936003F5CB8 /* Build configuration list for PBXNativeTarget "LiveActivityPushDemo" */;
			buildPhases = (
				809638D22B68D935003F5CB8 /* Sources */,
				809638D32B68D935003F5CB8 /* Frameworks */,
				809638D42B68D935003F5CB8 /* Resources */,
				809639032B68DAE8003F5CB8 /* Embed Foundation Extensions */,
			);
			buildRules = (
			);
			dependencies = (
				809638FE2B68DAE8003F5CB8 /* PBXTargetDependency */,
			);
			name = LiveActivityPushDemo;
			productName = LiveActivityPushDemo;
			productReference = 809638D62B68D935003F5CB8 /* LiveActivityPushDemo.app */;
			productType = "com.apple.product-type.application";
		};
		809638EA2B68DAE7003F5CB8 /* LiveActivityExtension */ = {
			isa = PBXNativeTarget;
			buildConfigurationList = 809639002B68DAE8003F5CB8 /* Build configuration list for PBXNativeTarget "LiveActivityExtension" */;
			buildPhases = (
				809638E72B68DAE7003F5CB8 /* Sources */,
				809638E82B68DAE7003F5CB8 /* Frameworks */,
				809638E92B68DAE7003F5CB8 /* Resources */,
			);
			buildRules = (
			);
			dependencies = (
			);
			name = LiveActivityExtension;
			productName = LiveActivityExtension;
			productReference = 809638EB2B68DAE7003F5CB8 /* LiveActivityExtension.appex */;
			productType = "com.apple.product-type.app-extension";
		};
/* End PBXNativeTarget section */

/* Begin PBXProject section */
		809638CE2B68D935003F5CB8 /* Project object */ = {
			isa = PBXProject;
			attributes = {
				BuildIndependentTargetsInParallel = 1;
				LastSwiftUpdateCheck = 1520;
				LastUpgradeCheck = 1520;
				TargetAttributes = {
					809638D52B68D935003F5CB8 = {
						CreatedOnToolsVersion = 15.2;
					};
					809638EA2B68DAE7003F5CB8 = {
						CreatedOnToolsVersion = 15.2;
					};
				};
			};
			buildConfigurationList = 809638D12B68D935003F5CB8 /* Build configuration list for PBXProject "LiveActivityPushDemo" */;
			compatibilityVersion = "Xcode 14.0";
			developmentRegion = en;
			hasScannedForEncodings = 0;
			knownRegions = (
				en,
				Base,
			);
			mainGroup = 809638CD2B68D935003F5CB8;
			productRefGroup = 809638D72B68D935003F5CB8 /* Products */;
			projectDirPath = "";
			projectRoot = "";
			targets = (
				809638D52B68D935003F5CB8 /* LiveActivityPushDemo */,
				809638EA2B68DAE7003F5CB8 /* LiveActivityExtension */,
			);
		};
/* End PBXProject section */

/* Begin PBXResourcesBuildPhase section */
		809638D42B68D935003F5CB8 /* Resources */ = {
			isa = PBXResourcesBuildPhase;
			buildActionMask = 2147483647;
			files = (
				809638E12B68D936003F5CB8 /* Preview Assets.xcassets in Resources */,
				809638DE2B68D936003F5CB8 /* Assets.xcassets in Resources */,
			);
			runOnlyForDeploymentPostprocessing = 0;
		};
		809638E92B68DAE7003F5CB8 /* Resources */ = {
			isa = PBXResourcesBuildPhase;
			buildActionMask = 2147483647;
			files = (
				809638FB2B68DAE8003F5CB8 /* Assets.xcassets in Resources */,
			);
			runOnlyForDeploymentPostprocessing = 0;
		};
/* End PBXResourcesBuildPhase section */

/* Begin PBXSourcesBuildPhase section */
		809638D22B68D935003F5CB8 /* Sources */ = {
			isa = PBXSourcesBuildPhase;
			buildActionMask = 2147483647;
			files = (
				8058E1552CB9291B0043B2C5 /* Logger.swift in Sources */,
				809638DC2B68D935003F5CB8 /* ContentView.swift in Sources */,
				809638DA2B68D935003F5CB8 /* LiveActivityPushDemoApp.swift in Sources */,
				809639052B68DB55003F5CB8 /* LiveActivityManager.swift in Sources */,
				809639062B68DC4F003F5CB8 /* LiveActivityLiveActivity.swift in Sources */,
			);
			runOnlyForDeploymentPostprocessing = 0;
		};
		809638E72B68DAE7003F5CB8 /* Sources */ = {
			isa = PBXSourcesBuildPhase;
			buildActionMask = 2147483647;
			files = (
				809638F32B68DAE7003F5CB8 /* LiveActivityBundle.swift in Sources */,
				809638F92B68DAE7003F5CB8 /* AppIntent.swift in Sources */,
				809638F72B68DAE7003F5CB8 /* LiveActivity.swift in Sources */,
				809638F52B68DAE7003F5CB8 /* LiveActivityLiveActivity.swift in Sources */,
			);
			runOnlyForDeploymentPostprocessing = 0;
		};
/* End PBXSourcesBuildPhase section */

/* Begin PBXTargetDependency section */
		809638FE2B68DAE8003F5CB8 /* PBXTargetDependency */ = {
			isa = PBXTargetDependency;
			target = 809638EA2B68DAE7003F5CB8 /* LiveActivityExtension */;
			targetProxy = 809638FD2B68DAE8003F5CB8 /* PBXContainerItemProxy */;
		};
/* End PBXTargetDependency section */

/* Begin XCBuildConfiguration section */
		809638E22B68D936003F5CB8 /* Debug */ = {
			isa = XCBuildConfiguration;
			buildSettings = {
				ALWAYS_SEARCH_USER_PATHS = NO;
				ASSETCATALOG_COMPILER_GENERATE_SWIFT_ASSET_SYMBOL_EXTENSIONS = YES;
				CLANG_ANALYZER_NONNULL = YES;
				CLANG_ANALYZER_NUMBER_OBJECT_CONVERSION = YES_AGGRESSIVE;
				CLANG_CXX_LANGUAGE_STANDARD = "gnu++20";
				CLANG_ENABLE_MODULES = YES;
				CLANG_ENABLE_OBJC_ARC = YES;
				CLANG_ENABLE_OBJC_WEAK = YES;
				CLANG_WARN_BLOCK_CAPTURE_AUTORELEASING = YES;
				CLANG_WARN_BOOL_CONVERSION = YES;
				CLANG_WARN_COMMA = YES;
				CLANG_WARN_CONSTANT_CONVERSION = YES;
				CLANG_WARN_DEPRECATED_OBJC_IMPLEMENTATIONS = YES;
				CLANG_WARN_DIRECT_OBJC_ISA_USAGE = YES_ERROR;
				CLANG_WARN_DOCUMENTATION_COMMENTS = YES;
				CLANG_WARN_EMPTY_BODY = YES;
				CLANG_WARN_ENUM_CONVERSION = YES;
				CLANG_WARN_INFINITE_RECURSION = YES;
				CLANG_WARN_INT_CONVERSION = YES;
				CLANG_WARN_NON_LITERAL_NULL_CONVERSION = YES;
				CLANG_WARN_OBJC_IMPLICIT_RETAIN_SELF = YES;
				CLANG_WARN_OBJC_LITERAL_CONVERSION = YES;
				CLANG_WARN_OBJC_ROOT_CLASS = YES_ERROR;
				CLANG_WARN_QUOTED_INCLUDE_IN_FRAMEWORK_HEADER = YES;
				CLANG_WARN_RANGE_LOOP_ANALYSIS = YES;
				CLANG_WARN_STRICT_PROTOTYPES = YES;
				CLANG_WARN_SUSPICIOUS_MOVE = YES;
				CLANG_WARN_UNGUARDED_AVAILABILITY = YES_AGGRESSIVE;
				CLANG_WARN_UNREACHABLE_CODE = YES;
				CLANG_WARN__DUPLICATE_METHOD_MATCH = YES;
				COPY_PHASE_STRIP = NO;
				DEBUG_INFORMATION_FORMAT = dwarf;
				ENABLE_STRICT_OBJC_MSGSEND = YES;
				ENABLE_TESTABILITY = YES;
				ENABLE_USER_SCRIPT_SANDBOXING = YES;
				GCC_C_LANGUAGE_STANDARD = gnu17;
				GCC_DYNAMIC_NO_PIC = NO;
				GCC_NO_COMMON_BLOCKS = YES;
				GCC_OPTIMIZATION_LEVEL = 0;
				GCC_PREPROCESSOR_DEFINITIONS = (
					"DEBUG=1",
					"$(inherited)",
				);
				GCC_WARN_64_TO_32_BIT_CONVERSION = YES;
				GCC_WARN_ABOUT_RETURN_TYPE = YES_ERROR;
				GCC_WARN_UNDECLARED_SELECTOR = YES;
				GCC_WARN_UNINITIALIZED_AUTOS = YES_AGGRESSIVE;
				GCC_WARN_UNUSED_FUNCTION = YES;
				GCC_WARN_UNUSED_VARIABLE = YES;
				IPHONEOS_DEPLOYMENT_TARGET = 16.2;
				LOCALIZATION_PREFERS_STRING_CATALOGS = YES;
				MTL_ENABLE_DEBUG_INFO = INCLUDE_SOURCE;
				MTL_FAST_MATH = YES;
				ONLY_ACTIVE_ARCH = YES;
				SDKROOT = iphoneos;
				SWIFT_ACTIVE_COMPILATION_CONDITIONS = "DEBUG $(inherited)";
				SWIFT_OPTIMIZATION_LEVEL = "-Onone";
			};
			name = Debug;
		};
		809638E32B68D936003F5CB8 /* Release */ = {
			isa = XCBuildConfiguration;
			buildSettings = {
				ALWAYS_SEARCH_USER_PATHS = NO;
				ASSETCATALOG_COMPILER_GENERATE_SWIFT_ASSET_SYMBOL_EXTENSIONS = YES;
				CLANG_ANALYZER_NONNULL = YES;
				CLANG_ANALYZER_NUMBER_OBJECT_CONVERSION = YES_AGGRESSIVE;
				CLANG_CXX_LANGUAGE_STANDARD = "gnu++20";
				CLANG_ENABLE_MODULES = YES;
				CLANG_ENABLE_OBJC_ARC = YES;
				CLANG_ENABLE_OBJC_WEAK = YES;
				CLANG_WARN_BLOCK_CAPTURE_AUTORELEASING = YES;
				CLANG_WARN_BOOL_CONVERSION = YES;
				CLANG_WARN_COMMA = YES;
				CLANG_WARN_CONSTANT_CONVERSION = YES;
				CLANG_WARN_DEPRECATED_OBJC_IMPLEMENTATIONS = YES;
				CLANG_WARN_DIRECT_OBJC_ISA_USAGE = YES_ERROR;
				CLANG_WARN_DOCUMENTATION_COMMENTS = YES;
				CLANG_WARN_EMPTY_BODY = YES;
				CLANG_WARN_ENUM_CONVERSION = YES;
				CLANG_WARN_INFINITE_RECURSION = YES;
				CLANG_WARN_INT_CONVERSION = YES;
				CLANG_WARN_NON_LITERAL_NULL_CONVERSION = YES;
				CLANG_WARN_OBJC_IMPLICIT_RETAIN_SELF = YES;
				CLANG_WARN_OBJC_LITERAL_CONVERSION = YES;
				CLANG_WARN_OBJC_ROOT_CLASS = YES_ERROR;
				CLANG_WARN_QUOTED_INCLUDE_IN_FRAMEWORK_HEADER = YES;
				CLANG_WARN_RANGE_LOOP_ANALYSIS = YES;
				CLANG_WARN_STRICT_PROTOTYPES = YES;
				CLANG_WARN_SUSPICIOUS_MOVE = YES;
				CLANG_WARN_UNGUARDED_AVAILABILITY = YES_AGGRESSIVE;
				CLANG_WARN_UNREACHABLE_CODE = YES;
				CLANG_WARN__DUPLICATE_METHOD_MATCH = YES;
				COPY_PHASE_STRIP = NO;
				DEBUG_INFORMATION_FORMAT = "dwarf-with-dsym";
				ENABLE_NS_ASSERTIONS = NO;
				ENABLE_STRICT_OBJC_MSGSEND = YES;
				ENABLE_USER_SCRIPT_SANDBOXING = YES;
				GCC_C_LANGUAGE_STANDARD = gnu17;
				GCC_NO_COMMON_BLOCKS = YES;
				GCC_WARN_64_TO_32_BIT_CONVERSION = YES;
				GCC_WARN_ABOUT_RETURN_TYPE = YES_ERROR;
				GCC_WARN_UNDECLARED_SELECTOR = YES;
				GCC_WARN_UNINITIALIZED_AUTOS = YES_AGGRESSIVE;
				GCC_WARN_UNUSED_FUNCTION = YES;
				GCC_WARN_UNUSED_VARIABLE = YES;
				IPHONEOS_DEPLOYMENT_TARGET = 16.2;
				LOCALIZATION_PREFERS_STRING_CATALOGS = YES;
				MTL_ENABLE_DEBUG_INFO = NO;
				MTL_FAST_MATH = YES;
				SDKROOT = iphoneos;
				SWIFT_COMPILATION_MODE = wholemodule;
				VALIDATE_PRODUCT = YES;
			};
			name = Release;
		};
		809638E52B68D936003F5CB8 /* Debug */ = {
			isa = XCBuildConfiguration;
			buildSettings = {
				ALWAYS_EMBED_SWIFT_STANDARD_LIBRARIES = YES;
				ASSETCATALOG_COMPILER_APPICON_NAME = AppIcon;
				ASSETCATALOG_COMPILER_GLOBAL_ACCENT_COLOR_NAME = AccentColor;
				CODE_SIGN_ENTITLEMENTS = LiveActivityPushDemo/LiveActivityPushDemo.entitlements;
				CODE_SIGN_STYLE = Automatic;
				CURRENT_PROJECT_VERSION = 1;
				DEVELOPMENT_ASSET_PATHS = "\"LiveActivityPushDemo/Preview Content\"";
				DEVELOPMENT_TEAM = 3WJGEF28GY;
				ENABLE_PREVIEWS = YES;
				GENERATE_INFOPLIST_FILE = YES;
				INFOPLIST_FILE = LiveActivityPushDemo/Info.plist;
				INFOPLIST_KEY_NSSupportsLiveActivities = YES;
				INFOPLIST_KEY_NSSupportsLiveActivitiesFrequentUpdates = YES;
				INFOPLIST_KEY_UIApplicationSceneManifest_Generation = YES;
				INFOPLIST_KEY_UIApplicationSupportsIndirectInputEvents = YES;
				INFOPLIST_KEY_UILaunchScreen_Generation = YES;
				INFOPLIST_KEY_UISupportedInterfaceOrientations_iPad = "UIInterfaceOrientationPortrait UIInterfaceOrientationPortraitUpsideDown UIInterfaceOrientationLandscapeLeft UIInterfaceOrientationLandscapeRight";
				INFOPLIST_KEY_UISupportedInterfaceOrientations_iPhone = "UIInterfaceOrientationPortrait UIInterfaceOrientationLandscapeLeft UIInterfaceOrientationLandscapeRight";
				LD_RUNPATH_SEARCH_PATHS = (
					"$(inherited)",
					"@executable_path/Frameworks",
				);
				MARKETING_VERSION = 1.0;
				PRODUCT_BUNDLE_IDENTIFIER = com.apnspush.LiveActivityPushDemo;
				PRODUCT_NAME = "$(TARGET_NAME)";
				SWIFT_EMIT_LOC_STRINGS = YES;
				SWIFT_VERSION = 5.0;
				TARGETED_DEVICE_FAMILY = "1,2";
			};
			name = Debug;
		};
		809638E62B68D936003F5CB8 /* Release */ = {
			isa = XCBuildConfiguration;
			buildSettings = {
				ALWAYS_EMBED_SWIFT_STANDARD_LIBRARIES = YES;
				ASSETCATALOG_COMPILER_APPICON_NAME = AppIcon;
				ASSETCATALOG_COMPILER_GLOBAL_ACCENT_COLOR_NAME = AccentColor;
				CODE_SIGN_ENTITLEMENTS = LiveActivityPushDemo/LiveActivityPushDemo.entitlements;
				CODE_SIGN_STYLE = Automatic;
				CURRENT_PROJECT_VERSION = 1;
				DEVELOPMENT_ASSET_PATHS = "\"LiveActivityPushDemo/Preview Content\"";
				DEVELOPMENT_TEAM = 3WJGEF28GY;
				ENABLE_PREVIEWS = YES;
				GENERATE_INFOPLIST_FILE = YES;
				INFOPLIST_FILE = LiveActivityPushDemo/Info.plist;
				INFOPLIST_KEY_NSSupportsLiveActivities = YES;
				INFOPLIST_KEY_NSSupportsLiveActivitiesFrequentUpdates = YES;
				INFOPLIST_KEY_UIApplicationSceneManifest_Generation = YES;
				INFOPLIST_KEY_UIApplicationSupportsIndirectInputEvents = YES;
				INFOPLIST_KEY_UILaunchScreen_Generation = YES;
				INFOPLIST_KEY_UISupportedInterfaceOrientations_iPad = "UIInterfaceOrientationPortrait UIInterfaceOrientationPortraitUpsideDown UIInterfaceOrientationLandscapeLeft UIInterfaceOrientationLandscapeRight";
				INFOPLIST_KEY_UISupportedInterfaceOrientations_iPhone = "UIInterfaceOrientationPortrait UIInterfaceOrientationLandscapeLeft UIInterfaceOrientationLandscapeRight";
				LD_RUNPATH_SEARCH_PATHS = (
					"$(inherited)",
					"@executable_path/Frameworks",
				);
				MARKETING_VERSION = 1.0;
				PRODUCT_BUNDLE_IDENTIFIER = com.apnspush.LiveActivityPushDemo;
				PRODUCT_NAME = "$(TARGET_NAME)";
				SWIFT_EMIT_LOC_STRINGS = YES;
				SWIFT_VERSION = 5.0;
				TARGETED_DEVICE_FAMILY = "1,2";
			};
			name = Release;
		};
		809639012B68DAE8003F5CB8 /* Debug */ = {
			isa = XCBuildConfiguration;
			buildSettings = {
				ASSETCATALOG_COMPILER_GLOBAL_ACCENT_COLOR_NAME = AccentColor;
				ASSETCATALOG_COMPILER_WIDGET_BACKGROUND_COLOR_NAME = WidgetBackground;
				CODE_SIGN_STYLE = Automatic;
				CURRENT_PROJECT_VERSION = 1;
				DEVELOPMENT_TEAM = 3WJGEF28GY;
				GENERATE_INFOPLIST_FILE = YES;
				INFOPLIST_FILE = LiveActivity/Info.plist;
				INFOPLIST_KEY_CFBundleDisplayName = LiveActivity;
				INFOPLIST_KEY_NSHumanReadableCopyright = "";
				IPHONEOS_DEPLOYMENT_TARGET = 17.0;
				LD_RUNPATH_SEARCH_PATHS = (
					"$(inherited)",
					"@executable_path/Frameworks",
					"@executable_path/../../Frameworks",
				);
				MARKETING_VERSION = 1.0;
				PRODUCT_BUNDLE_IDENTIFIER = com.apnspush.LiveActivityPushDemo.LiveActivity;
				PRODUCT_NAME = "$(TARGET_NAME)";
				SKIP_INSTALL = YES;
				SWIFT_EMIT_LOC_STRINGS = YES;
				SWIFT_VERSION = 5.0;
				TARGETED_DEVICE_FAMILY = "1,2";
			};
			name = Debug;
		};
		809639022B68DAE8003F5CB8 /* Release */ = {
			isa = XCBuildConfiguration;
			buildSettings = {
				ASSETCATALOG_COMPILER_GLOBAL_ACCENT_COLOR_NAME = AccentColor;
				ASSETCATALOG_COMPILER_WIDGET_BACKGROUND_COLOR_NAME = WidgetBackground;
				CODE_SIGN_STYLE = Automatic;
				CURRENT_PROJECT_VERSION = 1;
				DEVELOPMENT_TEAM = 3WJGEF28GY;
				GENERATE_INFOPLIST_FILE = YES;
				INFOPLIST_FILE = LiveActivity/Info.plist;
				INFOPLIST_KEY_CFBundleDisplayName = LiveActivity;
				INFOPLIST_KEY_NSHumanReadableCopyright = "";
				IPHONEOS_DEPLOYMENT_TARGET = 17.0;
				LD_RUNPATH_SEARCH_PATHS = (
					"$(inherited)",
					"@executable_path/Frameworks",
					"@executable_path/../../Frameworks",
				);
				MARKETING_VERSION = 1.0;
				PRODUCT_BUNDLE_IDENTIFIER = com.apnspush.LiveActivityPushDemo.LiveActivity;
				PRODUCT_NAME = "$(TARGET_NAME)";
				SKIP_INSTALL = YES;
				SWIFT_EMIT_LOC_STRINGS = YES;
				SWIFT_VERSION = 5.0;
				TARGETED_DEVICE_FAMILY = "1,2";
			};
			name = Release;
		};
/* End XCBuildConfiguration section */

/* Begin XCConfigurationList section */
		809638D12B68D935003F5CB8 /* Build configuration list for PBXProject "LiveActivityPushDemo" */ = {
			isa = XCConfigurationList;
			buildConfigurations = (
				809638E22B68D936003F5CB8 /* Debug */,
				809638E32B68D936003F5CB8 /* Release */,
			);
			defaultConfigurationIsVisible = 0;
			defaultConfigurationName = Release;
		};
		809638E42B68D936003F5CB8 /* Build configuration list for PBXNativeTarget "LiveActivityPushDemo" */ = {
			isa = XCConfigurationList;
			buildConfigurations = (
				809638E52B68D936003F5CB8 /* Debug */,
				809638E62B68D936003F5CB8 /* Release */,
			);
			defaultConfigurationIsVisible = 0;
			defaultConfigurationName = Release;
		};
		809639002B68DAE8003F5CB8 /* Build configuration list for PBXNativeTarget "LiveActivityExtension" */ = {
			isa = XCConfigurationList;
			buildConfigurations = (
				809639012B68DAE8003F5CB8 /* Debug */,
				809639022B68DAE8003F5CB8 /* Release */,
			);
			defaultConfigurationIsVisible = 0;
			defaultConfigurationName = Release;
		};
/* End XCConfigurationList section */
	};
	rootObject = 809638CE2B68D935003F5CB8 /* Project object */;
}
